
Microsoft Visual Studio Solution File, Format Version 12.00
# Visual Studio 15
VisualStudioVersion = 15.0.27703.2000
MinimumVisualStudioVersion = 10.0.40219.1
Project("{FAE04EC0-301F-11D3-BF4B-00C04F79EFBC}") = "TSP", "TSP\TSP.csproj", "{769B06D1-FC6D-4188-8FD5-CDB531364E79}"
EndProject
Global
	GlobalSection(SolutionConfigurationPlatforms) = preSolution
		Debug|Any CPU = Debug|Any CPU
		Release|Any CPU = Release|Any CPU
	EndGlobalSection
	GlobalSection(ProjectConfigurationPlatforms) = postSolution
		{769B06D1-FC6D-4188-8FD5-CDB531364E79}.Debug|Any CPU.ActiveCfg = Debug|Any CPU
		{769B06D1-FC6D-4188-8FD5-CDB531364E79}.Debug|Any CPU.Build.0 = Debug|Any CPU
		{769B06D1-FC6D-4188-8FD5-CDB531364E79}.Release|Any CPU.ActiveCfg = Release|Any CPU
		{769B06D1-FC6D-4188-8FD5-CDB531364E79}.Release|Any CPU.Build.0 = Release|Any CPU
	EndGlobalSection
	GlobalSection(SolutionProperties) = preSolution
		HideSolutionNode = FALSE
	EndGlobalSection
	GlobalSection(ExtensibilityGlobals) = postSolution
		SolutionGuid = {92F3A6D7-4B0D-4214-913E-6EF864C27560}
	EndGlobalSection
EndGlobal
